{
  "nodes": {
    "cl-deps": {
      "inputs": {
        "metaBuilder": "metaBuilder",
        "nix-effects": [
          "cl-deps",
          "metaBuilder",
          "nix-effects"
        ],
        "nixpkgs": [
          "nixpkgs"
        ]
      },
      "locked": {
        "lastModified": 1783192645,
        "narHash": "sha256-rZVQ8y9GBrOLgL1qTp/ReUxD935EA9uwagcjTGf9b+0=",
        "owner": "kleisli-io",
        "repo": "cl-deps",
        "rev": "ff5e2c930d287942d6658827ac7241539b4c151a",
        "type": "github"
      },
      "original": {
        "owner": "kleisli-io",
        "repo": "cl-deps",
        "type": "github"
      }
    },
    "flake-parts": {
      "inputs": {
        "nixpkgs-lib": [
          "cl-deps",
          "metaBuilder",
          "nix-effects",
          "nix-unit",
          "nixpkgs"
        ]
      },
      "locked": {
        "lastModified": 1772408722,
        "narHash": "sha256-rHuJtdcOjK7rAHpHphUb1iCvgkU3GpfvicLMwwnfMT0=",
        "owner": "hercules-ci",
        "repo": "flake-parts",
        "rev": "f20dc5d9b8027381c474144ecabc9034d6a839a3",
        "type": "github"
      },
      "original": {
        "owner": "hercules-ci",
        "repo": "flake-parts",
        "type": "github"
      }
    },
    "flake-parts_2": {
      "inputs": {
        "nixpkgs-lib": [
          "nix-unit",
          "nixpkgs"
        ]
      },
      "locked": {
        "lastModified": 1762440070,
        "narHash": "sha256-xxdepIcb39UJ94+YydGP221rjnpkDZUlykKuF54PsqI=",
        "owner": "hercules-ci",
        "repo": "flake-parts",
        "rev": "26d05891e14c88eb4a5d5bee659c0db5afb609d8",
        "type": "github"
      },
      "original": {
        "owner": "hercules-ci",
        "repo": "flake-parts",
        "type": "github"
      }
    },
    "metaBuilder": {
      "inputs": {
        "nix-effects": "nix-effects",
        "nix-unit": "nix-unit_2",
        "nixpkgs": [
          "cl-deps",
          "nixpkgs"
        ]
      },
      "locked": {
        "lastModified": 1783168203,
        "narHash": "sha256-axT4mss+0bhyv+XPbH6VQIeBRWC/US5gWVN8hQPJTPQ=",
        "owner": "kleisli-io",
        "repo": "metaBuilder",
        "rev": "2e614ccfeee0d1d213edf387f1a27446e7ea97b3",
        "type": "github"
      },
      "original": {
        "owner": "kleisli-io",
        "repo": "metaBuilder",
        "type": "github"
      }
    },
    "nix-effects": {
      "inputs": {
        "nix-unit": "nix-unit",
        "nixpkgs": [
          "cl-deps",
          "metaBuilder",
          "nixpkgs"
        ]
      },
      "locked": {
        "lastModified": 1782558527,
        "narHash": "sha256-HHeN3xPIXCKNgko7O1r1TztyYAiHON7reZg6gDc1910=",
        "owner": "kleisli-io",
        "repo": "nix-effects",
        "rev": "95ef1fbe285069d77f20be2bfc6b56f3bbaac268",
        "type": "github"
      },
      "original": {
        "owner": "kleisli-io",
        "repo": "nix-effects",
        "type": "github"
      }
    },
    "nix-unit": {
      "inputs": {
        "flake-parts": "flake-parts",
        "nix-github-actions": [
          "cl-deps",
          "metaBuilder",
          "nix-effects"
        ],
        "nixpkgs": [
          "cl-deps",
          "metaBuilder",
          "nix-effects",
          "nixpkgs"
        ],
        "treefmt-nix": [
          "cl-deps",
          "metaBuilder",
          "nix-effects"
        ]
      },
      "locked": {
        "lastModified": 1762774186,
        "narHash": "sha256-hRADkHjNt41+JUHw2EiSkMaL4owL83g5ZppjYUdF/Dc=",
        "owner": "nix-community",
        "repo": "nix-unit",
        "rev": "1c9ab50554eed0b768f9e5b6f646d63c9673f0f7",
        "type": "github"
      },
      "original": {
        "owner": "nix-community",
        "repo": "nix-unit",
        "type": "github"
      }
    },
    "nix-unit_2": {
      "inputs": {
        "nix-github-actions": [
          "cl-deps",
          "metaBuilder"
        ],
        "nixpkgs": [
          "cl-deps",
          "metaBuilder",
          "nixpkgs"
        ],
        "treefmt-nix": [
          "cl-deps",
          "metaBuilder"
        ]
      },
      "locked": {
        "lastModified": 1778306706,
        "narHash": "sha256-68bQGOfejrJ6lqCk7IR4yfIFchSlAtN3diPc1imV+3k=",
        "owner": "nix-community",
        "repo": "nix-unit",
        "rev": "9317bef0ef5af9381902543e219a3c12d45cf5f6",
        "type": "github"
      },
      "original": {
        "owner": "nix-community",
        "repo": "nix-unit",
        "type": "github"
      }
    },
    "nix-unit_3": {
      "inputs": {
        "flake-parts": "flake-parts_2",
        "nix-github-actions": [],
        "nixpkgs": [
          "nixpkgs"
        ],
        "treefmt-nix": []
      },
      "locked": {
        "lastModified": 1762774186,
        "narHash": "sha256-hRADkHjNt41+JUHw2EiSkMaL4owL83g5ZppjYUdF/Dc=",
        "owner": "nix-community",
        "repo": "nix-unit",
        "rev": "1c9ab50554eed0b768f9e5b6f646d63c9673f0f7",
        "type": "github"
      },
      "original": {
        "owner": "nix-community",
        "repo": "nix-unit",
        "rev": "1c9ab50554eed0b768f9e5b6f646d63c9673f0f7",
        "type": "github"
      }
    },
    "nixpkgs": {
      "locked": {
        "lastModified": 1769018530,
        "narHash": "sha256-MJ27Cy2NtBEV5tsK+YraYr2g851f3Fl1LpNHDzDX15c=",
        "owner": "NixOS",
        "repo": "nixpkgs",
        "rev": "88d3861acdd3d2f0e361767018218e51810df8a1",
        "type": "github"
      },
      "original": {
        "owner": "NixOS",
        "repo": "nixpkgs",
        "rev": "88d3861acdd3d2f0e361767018218e51810df8a1",
        "type": "github"
      }
    },
    "root": {
      "inputs": {
        "cl-deps": "cl-deps",
        "nix-unit": "nix-unit_3",
        "nixpkgs": "nixpkgs"
      }
    }
  },
  "root": "root",
  "version": 7
}
